
Microsoft Visual Studio Solution File, Format Version 12.00
# Visual Studio Version 17
VisualStudioVersion = 17.7.34018.315
MinimumVisualStudioVersion = 10.0.40219.1
Project("{FAE04EC0-301F-11D3-BF4B-00C04F79EFBC}") = "WinFormsApp2", "WinFormsApp2.csproj", "{487480A3-0ABA-460D-B013-D703659C8FE8}"
EndProject
Global
	GlobalSection(SolutionConfigurationPlatforms) = preSolution
		Debug|Any CPU = Debug|Any CPU
		Release|Any CPU = Release|Any CPU
	EndGlobalSection
	GlobalSection(ProjectConfigurationPlatforms) = postSolution
		{487480A3-0ABA-460D-B013-D703659C8FE8}.Debug|Any CPU.ActiveCfg = Debug|Any CPU
		{487480A3-0ABA-460D-B013-D703659C8FE8}.Debug|Any CPU.Build.0 = Debug|Any CPU
		{487480A3-0ABA-460D-B013-D703659C8FE8}.Release|Any CPU.ActiveCfg = Release|Any CPU
		{487480A3-0ABA-460D-B013-D703659C8FE8}.Release|Any CPU.Build.0 = Release|Any CPU
	EndGlobalSection
	GlobalSection(SolutionProperties) = preSolution
		HideSolutionNode = FALSE
	EndGlobalSection
	GlobalSection(ExtensibilityGlobals) = postSolution
		SolutionGuid = {65CF00DA-670F-43BD-9C8B-1D71A9AC78AD}
	EndGlobalSection
EndGlobal
